{
    "_meta": {
        "hash": {
            "sha256": "feedc47dd194f3666cd1318cadded3483bd46844dd72c1845980ca1133e83378"
        },
        "pipfile-spec": 6,
        "requires": {
            "python_version": "3.7"
        },
        "sources": [
            {
                "name": "pypi",
                "url": "https://pypi.org/simple",
                "verify_ssl": true
            }
        ]
    },
    "default": {
        "beautifulsoup4": {
            "hashes": [
                "sha256:034740f6cb549b4e932ae1ab975581e6103ac8f942200a0e9759065984391858",
                "sha256:945065979fb8529dd2f37dbb58f00b661bdbcbebf954f93b32fdf5263ef35348",
                "sha256:ba6d5c59906a85ac23dadfe5c88deaf3e179ef565f4898671253e50a78680718"
            ],
            "index": "pypi",
            "version": "==4.7.1"
        },
        "beautifultable": {
            "hashes": [
                "sha256:a9f9967779f25cf5db9bc709ed8079df900ba1225b810d80442c28c909a91189",
                "sha256:fda7ec83f34ab0c1d02b6aba3fdf28c0f69a1aec6ad7876571e1db0f915fa434"
            ],
            "index": "pypi",
            "version": "==0.6.0"
        },
        "google": {
            "hashes": [
                "sha256:e94461ee7d0429d447e947e91f51503ed9f664930d21ed6a9a116c7e07e6cb46"
            ],
            "index": "pypi",
            "version": "==2.0.1"
        },
        "soupsieve": {
            "hashes": [
                "sha256:009d8865916766f7f452880d08ff94ed4c5445011a3deaac67543b82bdb0b9ee",
                "sha256:97599c45a1ddfe9ab0a0cba889b7f214b3e310b703f176a0610c0b54e207cc04"
            ],
            "version": "==1.7.1"
        },
        "wcwidth": {
            "hashes": [
                "sha256:3df37372226d6e63e1b1e1eda15c594bca98a22d33a23832a90998faa96bc65e",
                "sha256:f4ebe71925af7b40a864553f761ed559b43544f8f71746c2d756c7fe788ade7c"
            ],
            "version": "==0.1.7"
        }
    },
    "develop": {}
}
